// !$*UTF8*$!
{
	archiveVersion = 1;
	classes = {
	};
	objectVersion = 46;
	objects = {

/* Begin PBXBuildFile section */
		6040E059193EAD0A00705CF4 /* NSDate+ISO8601.m in Sources */ = {isa = PBXBuildFile; fileRef = 6040E058193EAD0A00705CF4 /* NSDate+ISO8601.m */; };
		609497B51937BF5E00AF2B14 /* Foundation.framework in Frameworks */ = {isa = PBXBuildFile; fileRef = 609497B41937BF5E00AF2B14 /* Foundation.framework */; };
		609497C11937BF5F00AF2B14 /* InfoPlist.strings in Resources */ = {isa = PBXBuildFile; fileRef = 609497BF1937BF5F00AF2B14 /* InfoPlist.strings */; };
		609497C31937BF5F00AF2B14 /* main.m in Sources */ = {isa = PBXBuildFile; fileRef = 609497C21937BF5F00AF2B14 /* main.m */; };
		609497C71937BF5F00AF2B14 /* QIPAppDelegate.m in Sources */ = {isa = PBXBuildFile; fileRef = 609497C61937BF5F00AF2B14 /* QIPAppDelegate.m */; };
		609497CA1937BF5F00AF2B14 /* iPhone.storyboard in Resources */ = {isa = PBXBuildFile; fileRef = 609497C81937BF5F00AF2B14 /* iPhone.storyboard */; };
		609497CD1937BF5F00AF2B14 /* NetAppDemo.xcdatamodeld in Sources */ = {isa = PBXBuildFile; fileRef = 609497CB1937BF5F00AF2B14 /* NetAppDemo.xcdatamodeld */; };
		609497D51937BF5F00AF2B14 /* Images.xcassets in Resources */ = {isa = PBXBuildFile; fileRef = 609497D41937BF5F00AF2B14 /* Images.xcassets */; };
		609497DC1937BF5F00AF2B14 /* XCTest.framework in Frameworks */ = {isa = PBXBuildFile; fileRef = 609497DB1937BF5F00AF2B14 /* XCTest.framework */; };
		609497DD1937BF5F00AF2B14 /* Foundation.framework in Frameworks */ = {isa = PBXBuildFile; fileRef = 609497B41937BF5E00AF2B14 /* Foundation.framework */; };
		609497DE1937BF5F00AF2B14 /* UIKit.framework in Frameworks */ = {isa = PBXBuildFile; fileRef = 609497B81937BF5F00AF2B14 /* UIKit.framework */; };
		609497DF1937BF5F00AF2B14 /* CoreData.framework in Frameworks */ = {isa = PBXBuildFile; fileRef = 609497BA1937BF5F00AF2B14 /* CoreData.framework */; };
		609497E71937BF5F00AF2B14 /* InfoPlist.strings in Resources */ = {isa = PBXBuildFile; fileRef = 609497E51937BF5F00AF2B14 /* InfoPlist.strings */; };
		609497E91937BF5F00AF2B14 /* AppNetDemoTests.m in Sources */ = {isa = PBXBuildFile; fileRef = 609497E81937BF5F00AF2B14 /* AppNetDemoTests.m */; };
		609497F71937CA9100AF2B14 /* PostTableViewCell.m in Sources */ = {isa = PBXBuildFile; fileRef = 609497F61937CA9100AF2B14 /* PostTableViewCell.m */; };
		609497FA1937CC3700AF2B14 /* CoreDataTableViewController.m in Sources */ = {isa = PBXBuildFile; fileRef = 609497F91937CC3700AF2B14 /* CoreDataTableViewController.m */; };
		609497FD1937E14C00AF2B14 /* PostsCDTVC.m in Sources */ = {isa = PBXBuildFile; fileRef = 609497FC1937E14C00AF2B14 /* PostsCDTVC.m */; };
		609498061937EC8F00AF2B14 /* Post+Creator.m in Sources */ = {isa = PBXBuildFile; fileRef = 609498051937EC8F00AF2B14 /* Post+Creator.m */; };
		6094980A1937F26000AF2B14 /* PostDataFetcher.m in Sources */ = {isa = PBXBuildFile; fileRef = 609498091937F26000AF2B14 /* PostDataFetcher.m */; };
		609498101938110000AF2B14 /* AppNetPostsCDTVC.m in Sources */ = {isa = PBXBuildFile; fileRef = 6094980F1938110000AF2B14 /* AppNetPostsCDTVC.m */; };
		60949823193AAB3300AF2B14 /* CoreData.framework in Frameworks */ = {isa = PBXBuildFile; fileRef = 609497BA1937BF5F00AF2B14 /* CoreData.framework */; };
		60949824193AAB3D00AF2B14 /* UIKit.framework in Frameworks */ = {isa = PBXBuildFile; fileRef = 609497B81937BF5F00AF2B14 /* UIKit.framework */; };
		60949825193AAB4600AF2B14 /* CoreGraphics.framework in Frameworks */ = {isa = PBXBuildFile; fileRef = 609497B61937BF5E00AF2B14 /* CoreGraphics.framework */; };
		60949838193AF86300AF2B14 /* ImageIO.framework in Frameworks */ = {isa = PBXBuildFile; fileRef = 60949837193AF86300AF2B14 /* ImageIO.framework */; };
		6094983C193B145300AF2B14 /* SDWebImage.framework in Frameworks */ = {isa = PBXBuildFile; fileRef = 6094983B193B145300AF2B14 /* SDWebImage.framework */; };
		60AC0B24193DA9C9009369D0 /* Post.m in Sources */ = {isa = PBXBuildFile; fileRef = 60AC0B23193DA9C9009369D0 /* Post.m */; };
/* End PBXBuildFile section */

/* Begin PBXContainerItemProxy section */
		609497E01937BF5F00AF2B14 /* PBXContainerItemProxy */ = {
			isa = PBXContainerItemProxy;
			containerPortal = 609497A91937BF5E00AF2B14 /* Project object */;
			proxyType = 1;
			remoteGlobalIDString = 609497B01937BF5E00AF2B14;
			remoteInfo = NetAppDemo;
		};
/* End PBXContainerItemProxy section */

/* Begin PBXFileReference section */
		6040E057193EAD0A00705CF4 /* NSDate+ISO8601.h */ = {isa = PBXFileReference; fileEncoding = 4; lastKnownFileType = sourcecode.c.h; path = "NSDate+ISO8601.h"; sourceTree = "<group>"; };
		6040E058193EAD0A00705CF4 /* NSDate+ISO8601.m */ = {isa = PBXFileReference; fileEncoding = 4; lastKnownFileType = sourcecode.c.objc; path = "NSDate+ISO8601.m"; sourceTree = "<group>"; };
		609497B11937BF5E00AF2B14 /* AppNetDemo.app */ = {isa = PBXFileReference; explicitFileType = wrapper.application; includeInIndex = 0; path = AppNetDemo.app; sourceTree = BUILT_PRODUCTS_DIR; };
		609497B41937BF5E00AF2B14 /* Foundation.framework */ = {isa = PBXFileReference; lastKnownFileType = wrapper.framework; name = Foundation.framework; path = System/Library/Frameworks/Foundation.framework; sourceTree = SDKROOT; };
		609497B61937BF5E00AF2B14 /* CoreGraphics.framework */ = {isa = PBXFileReference; lastKnownFileType = wrapper.framework; name = CoreGraphics.framework; path = System/Library/Frameworks/CoreGraphics.framework; sourceTree = SDKROOT; };
		609497B81937BF5F00AF2B14 /* UIKit.framework */ = {isa = PBXFileReference; lastKnownFileType = wrapper.framework; name = UIKit.framework; path = System/Library/Frameworks/UIKit.framework; sourceTree = SDKROOT; };
		609497BA1937BF5F00AF2B14 /* CoreData.framework */ = {isa = PBXFileReference; lastKnownFileType = wrapper.framework; name = CoreData.framework; path = System/Library/Frameworks/CoreData.framework; sourceTree = SDKROOT; };
		609497BE1937BF5F00AF2B14 /* AppNetDemo-Info.plist */ = {isa = PBXFileReference; lastKnownFileType = text.plist.xml; path = "AppNetDemo-Info.plist"; sourceTree = "<group>"; };
		609497C01937BF5F00AF2B14 /* en */ = {isa = PBXFileReference; lastKnownFileType = text.plist.strings; name = en; path = en.lproj/InfoPlist.strings; sourceTree = "<group>"; };
		609497C21937BF5F00AF2B14 /* main.m */ = {isa = PBXFileReference; lastKnownFileType = sourcecode.c.objc; path = main.m; sourceTree = "<group>"; };
		609497C41937BF5F00AF2B14 /* AppNetDemo-Prefix.pch */ = {isa = PBXFileReference; lastKnownFileType = sourcecode.c.h; path = "AppNetDemo-Prefix.pch"; sourceTree = "<group>"; };
		609497C51937BF5F00AF2B14 /* QIPAppDelegate.h */ = {isa = PBXFileReference; lastKnownFileType = sourcecode.c.h; path = QIPAppDelegate.h; sourceTree = "<group>"; };
		609497C61937BF5F00AF2B14 /* QIPAppDelegate.m */ = {isa = PBXFileReference; lastKnownFileType = sourcecode.c.objc; path = QIPAppDelegate.m; sourceTree = "<group>"; };
		609497C91937BF5F00AF2B14 /* Base */ = {isa = PBXFileReference; lastKnownFileType = file.storyboard; name = Base; path = Base.lproj/iPhone.storyboard; sourceTree = "<group>"; };
		609497CC1937BF5F00AF2B14 /* NetAppDemo.xcdatamodel */ = {isa = PBXFileReference; lastKnownFileType = wrapper.xcdatamodel; path = NetAppDemo.xcdatamodel; sourceTree = "<group>"; };
		609497D41937BF5F00AF2B14 /* Images.xcassets */ = {isa = PBXFileReference; lastKnownFileType = folder.assetcatalog; path = Images.xcassets; sourceTree = "<group>"; };
		609497DA1937BF5F00AF2B14 /* AppNetDemoTests.xctest */ = {isa = PBXFileReference; explicitFileType = wrapper.cfbundle; includeInIndex = 0; path = AppNetDemoTests.xctest; sourceTree = BUILT_PRODUCTS_DIR; };
		609497DB1937BF5F00AF2B14 /* XCTest.framework */ = {isa = PBXFileReference; lastKnownFileType = wrapper.framework; name = XCTest.framework; path = Library/Frameworks/XCTest.framework; sourceTree = DEVELOPER_DIR; };
		609497E41937BF5F00AF2B14 /* AppNetDemoTests-Info.plist */ = {isa = PBXFileReference; lastKnownFileType = text.plist.xml; path = "AppNetDemoTests-Info.plist"; sourceTree = "<group>"; };
		609497E61937BF5F00AF2B14 /* en */ = {isa = PBXFileReference; lastKnownFileType = text.plist.strings; name = en; path = en.lproj/InfoPlist.strings; sourceTree = "<group>"; };
		609497E81937BF5F00AF2B14 /* AppNetDemoTests.m */ = {isa = PBXFileReference; lastKnownFileType = sourcecode.c.objc; path = AppNetDemoTests.m; sourceTree = "<group>"; };
		609497F51937CA9100AF2B14 /* PostTableViewCell.h */ = {isa = PBXFileReference; fileEncoding = 4; lastKnownFileType = sourcecode.c.h; path = PostTableViewCell.h; sourceTree = "<group>"; };
		609497F61937CA9100AF2B14 /* PostTableViewCell.m */ = {isa = PBXFileReference; fileEncoding = 4; lastKnownFileType = sourcecode.c.objc; path = PostTableViewCell.m; sourceTree = "<group>"; };
		609497F81937CC3700AF2B14 /* CoreDataTableViewController.h */ = {isa = PBXFileReference; fileEncoding = 4; lastKnownFileType = sourcecode.c.h; path = CoreDataTableViewController.h; sourceTree = "<group>"; };
		609497F91937CC3700AF2B14 /* CoreDataTableViewController.m */ = {isa = PBXFileReference; fileEncoding = 4; lastKnownFileType = sourcecode.c.objc; path = CoreDataTableViewController.m; sourceTree = "<group>"; };
		609497FB1937E14C00AF2B14 /* PostsCDTVC.h */ = {isa = PBXFileReference; fileEncoding = 4; lastKnownFileType = sourcecode.c.h; path = PostsCDTVC.h; sourceTree = "<group>"; };
		609497FC1937E14C00AF2B14 /* PostsCDTVC.m */ = {isa = PBXFileReference; fileEncoding = 4; lastKnownFileType = sourcecode.c.objc; path = PostsCDTVC.m; sourceTree = "<group>"; };
		609498041937EC8E00AF2B14 /* Post+Creator.h */ = {isa = PBXFileReference; fileEncoding = 4; lastKnownFileType = sourcecode.c.h; path = "Post+Creator.h"; sourceTree = "<group>"; };
		609498051937EC8F00AF2B14 /* Post+Creator.m */ = {isa = PBXFileReference; fileEncoding = 4; lastKnownFileType = sourcecode.c.objc; path = "Post+Creator.m"; sourceTree = "<group>"; };
		609498081937F26000AF2B14 /* PostDataFetcher.h */ = {isa = PBXFileReference; fileEncoding = 4; lastKnownFileType = sourcecode.c.h; path = PostDataFetcher.h; sourceTree = "<group>"; };
		609498091937F26000AF2B14 /* PostDataFetcher.m */ = {isa = PBXFileReference; fileEncoding = 4; lastKnownFileType = sourcecode.c.objc; path = PostDataFetcher.m; sourceTree = "<group>"; };
		6094980E1938110000AF2B14 /* AppNetPostsCDTVC.h */ = {isa = PBXFileReference; fileEncoding = 4; lastKnownFileType = sourcecode.c.h; path = AppNetPostsCDTVC.h; sourceTree = "<group>"; };
		6094980F1938110000AF2B14 /* AppNetPostsCDTVC.m */ = {isa = PBXFileReference; fileEncoding = 4; lastKnownFileType = sourcecode.c.objc; path = AppNetPostsCDTVC.m; sourceTree = "<group>"; };
		60949837193AF86300AF2B14 /* ImageIO.framework */ = {isa = PBXFileReference; lastKnownFileType = wrapper.framework; name = ImageIO.framework; path = System/Library/Frameworks/ImageIO.framework; sourceTree = SDKROOT; };
		6094983B193B145300AF2B14 /* SDWebImage.framework */ = {isa = PBXFileReference; lastKnownFileType = wrapper.framework; path = SDWebImage.framework; sourceTree = "<group>"; };
		60AC0B22193DA9C9009369D0 /* Post.h */ = {isa = PBXFileReference; fileEncoding = 4; lastKnownFileType = sourcecode.c.h; path = Post.h; sourceTree = "<group>"; };
		60AC0B23193DA9C9009369D0 /* Post.m */ = {isa = PBXFileReference; fileEncoding = 4; lastKnownFileType = sourcecode.c.objc; path = Post.m; sourceTree = "<group>"; };
/* End PBXFileReference section */

/* Begin PBXFrameworksBuildPhase section */
		609497AE1937BF5E00AF2B14 /* Frameworks */ = {
			isa = PBXFrameworksBuildPhase;
			buildActionMask = 2147483647;
			files = (
				60949838193AF86300AF2B14 /* ImageIO.framework in Frameworks */,
				60949825193AAB4600AF2B14 /* CoreGraphics.framework in Frameworks */,
				60949824193AAB3D00AF2B14 /* UIKit.framework in Frameworks */,
				60949823193AAB3300AF2B14 /* CoreData.framework in Frameworks */,
				6094983C193B145300AF2B14 /* SDWebImage.framework in Frameworks */,
				609497B51937BF5E00AF2B14 /* Foundation.framework in Frameworks */,
			);
			runOnlyForDeploymentPostprocessing = 0;
		};
		609497D71937BF5F00AF2B14 /* Frameworks */ = {
			isa = PBXFrameworksBuildPhase;
			buildActionMask = 2147483647;
			files = (
				609497DC1937BF5F00AF2B14 /* XCTest.framework in Frameworks */,
				609497DF1937BF5F00AF2B14 /* CoreData.framework in Frameworks */,
				609497DE1937BF5F00AF2B14 /* UIKit.framework in Frameworks */,
				609497DD1937BF5F00AF2B14 /* Foundation.framework in Frameworks */,
			);
			runOnlyForDeploymentPostprocessing = 0;
		};
/* End PBXFrameworksBuildPhase section */

/* Begin PBXGroup section */
		60114D291941404F003E3845 /* Helpers */ = {
			isa = PBXGroup;
			children = (
				6040E057193EAD0A00705CF4 /* NSDate+ISO8601.h */,
				6040E058193EAD0A00705CF4 /* NSDate+ISO8601.m */,
			);
			name = Helpers;
			sourceTree = "<group>";
		};
		609497A81937BF5E00AF2B14 = {
			isa = PBXGroup;
			children = (
				609497BC1937BF5F00AF2B14 /* AppNetDemo */,
				609497E21937BF5F00AF2B14 /* AppNetDemoTests */,
				609497B31937BF5E00AF2B14 /* Frameworks */,
				609497B21937BF5E00AF2B14 /* Products */,
			);
			sourceTree = "<group>";
		};
		609497B21937BF5E00AF2B14 /* Products */ = {
			isa = PBXGroup;
			children = (
				609497B11937BF5E00AF2B14 /* AppNetDemo.app */,
				609497DA1937BF5F00AF2B14 /* AppNetDemoTests.xctest */,
			);
			name = Products;
			sourceTree = "<group>";
		};
		609497B31937BF5E00AF2B14 /* Frameworks */ = {
			isa = PBXGroup;
			children = (
				6094983B193B145300AF2B14 /* SDWebImage.framework */,
				60949837193AF86300AF2B14 /* ImageIO.framework */,
				609497B41937BF5E00AF2B14 /* Foundation.framework */,
				609497B61937BF5E00AF2B14 /* CoreGraphics.framework */,
				609497B81937BF5F00AF2B14 /* UIKit.framework */,
				609497BA1937BF5F00AF2B14 /* CoreData.framework */,
				609497DB1937BF5F00AF2B14 /* XCTest.framework */,
			);
			name = Frameworks;
			sourceTree = "<group>";
		};
		609497BC1937BF5F00AF2B14 /* AppNetDemo */ = {
			isa = PBXGroup;
			children = (
				609497F21937BF7A00AF2B14 /* Controllers */,
				609497F41937C4E500AF2B14 /* Views */,
				609497F31937BF9100AF2B14 /* Models */,
				609498071937F23100AF2B14 /* DataFetcher */,
				60114D291941404F003E3845 /* Helpers */,
				609497BD1937BF5F00AF2B14 /* Supporting Files */,
			);
			path = AppNetDemo;
			sourceTree = "<group>";
		};
		609497BD1937BF5F00AF2B14 /* Supporting Files */ = {
			isa = PBXGroup;
			children = (
				609497D41937BF5F00AF2B14 /* Images.xcassets */,
				609497C51937BF5F00AF2B14 /* QIPAppDelegate.h */,
				609497C61937BF5F00AF2B14 /* QIPAppDelegate.m */,
				609497BE1937BF5F00AF2B14 /* AppNetDemo-Info.plist */,
				609497BF1937BF5F00AF2B14 /* InfoPlist.strings */,
				609497C21937BF5F00AF2B14 /* main.m */,
				609497C41937BF5F00AF2B14 /* AppNetDemo-Prefix.pch */,
			);
			name = "Supporting Files";
			sourceTree = "<group>";
		};
		609497E21937BF5F00AF2B14 /* AppNetDemoTests */ = {
			isa = PBXGroup;
			children = (
				609497E81937BF5F00AF2B14 /* AppNetDemoTests.m */,
				609497E31937BF5F00AF2B14 /* Supporting Files */,
			);
			name = AppNetDemoTests;
			path = NetAppDemoTests;
			sourceTree = "<group>";
		};
		609497E31937BF5F00AF2B14 /* Supporting Files */ = {
			isa = PBXGroup;
			children = (
				609497E41937BF5F00AF2B14 /* AppNetDemoTests-Info.plist */,
				609497E51937BF5F00AF2B14 /* InfoPlist.strings */,
			);
			name = "Supporting Files";
			sourceTree = "<group>";
		};
		609497F21937BF7A00AF2B14 /* Controllers */ = {
			isa = PBXGroup;
			children = (
				609497C81937BF5F00AF2B14 /* iPhone.storyboard */,
				609497FB1937E14C00AF2B14 /* PostsCDTVC.h */,
				609497FC1937E14C00AF2B14 /* PostsCDTVC.m */,
				6094980E1938110000AF2B14 /* AppNetPostsCDTVC.h */,
				6094980F1938110000AF2B14 /* AppNetPostsCDTVC.m */,
			);
			name = Controllers;
			path = ..;
			sourceTree = "<group>";
		};
		609497F31937BF9100AF2B14 /* Models */ = {
			isa = PBXGroup;
			children = (
				609497CB1937BF5F00AF2B14 /* NetAppDemo.xcdatamodeld */,
				60AC0B22193DA9C9009369D0 /* Post.h */,
				60AC0B23193DA9C9009369D0 /* Post.m */,
				609498041937EC8E00AF2B14 /* Post+Creator.h */,
				609498051937EC8F00AF2B14 /* Post+Creator.m */,
				609497F81937CC3700AF2B14 /* CoreDataTableViewController.h */,
				609497F91937CC3700AF2B14 /* CoreDataTableViewController.m */,
			);
			name = Models;
			sourceTree = "<group>";
		};
		609497F41937C4E500AF2B14 /* Views */ = {
			isa = PBXGroup;
			children = (
				609497F51937CA9100AF2B14 /* PostTableViewCell.h */,
				609497F61937CA9100AF2B14 /* PostTableViewCell.m */,
			);
			name = Views;
			sourceTree = "<group>";
		};
		609498071937F23100AF2B14 /* DataFetcher */ = {
			isa = PBXGroup;
			children = (
				609498081937F26000AF2B14 /* PostDataFetcher.h */,
				609498091937F26000AF2B14 /* PostDataFetcher.m */,
			);
			name = DataFetcher;
			sourceTree = "<group>";
		};
/* End PBXGroup section */

/* Begin PBXNativeTarget section */
		609497B01937BF5E00AF2B14 /* AppNetDemo */ = {
			isa = PBXNativeTarget;
			buildConfigurationList = 609497EC1937BF5F00AF2B14 /* Build configuration list for PBXNativeTarget "AppNetDemo" */;
			buildPhases = (
				609497AD1937BF5E00AF2B14 /* Sources */,
				609497AE1937BF5E00AF2B14 /* Frameworks */,
				609497AF1937BF5E00AF2B14 /* Resources */,
			);
			buildRules = (
			);
			dependencies = (
			);
			name = AppNetDemo;
			productName = NetAppDemo;
			productReference = 609497B11937BF5E00AF2B14 /* AppNetDemo.app */;
			productType = "com.apple.product-type.application";
		};
		609497D91937BF5F00AF2B14 /* AppNetDemoTests */ = {
			isa = PBXNativeTarget;
			buildConfigurationList = 609497EF1937BF5F00AF2B14 /* Build configuration list for PBXNativeTarget "AppNetDemoTests" */;
			buildPhases = (
				609497D61937BF5F00AF2B14 /* Sources */,
				609497D71937BF5F00AF2B14 /* Frameworks */,
				609497D81937BF5F00AF2B14 /* Resources */,
			);
			buildRules = (
			);
			dependencies = (
				609497E11937BF5F00AF2B14 /* PBXTargetDependency */,
			);
			name = AppNetDemoTests;
			productName = NetAppDemoTests;
			productReference = 609497DA1937BF5F00AF2B14 /* AppNetDemoTests.xctest */;
			productType = "com.apple.product-type.bundle.unit-test";
		};
/* End PBXNativeTarget section */

/* Begin PBXProject section */
		609497A91937BF5E00AF2B14 /* Project object */ = {
			isa = PBXProject;
			attributes = {
				CLASSPREFIX = QIP;
				LastUpgradeCheck = 0510;
				ORGANIZATIONNAME = Qiplet;
				TargetAttributes = {
					609497D91937BF5F00AF2B14 = {
						TestTargetID = 609497B01937BF5E00AF2B14;
					};
				};
			};
			buildConfigurationList = 609497AC1937BF5E00AF2B14 /* Build configuration list for PBXProject "AppNetDemo" */;
			compatibilityVersion = "Xcode 3.2";
			developmentRegion = English;
			hasScannedForEncodings = 0;
			knownRegions = (
				en,
				Base,
			);
			mainGroup = 609497A81937BF5E00AF2B14;
			productRefGroup = 609497B21937BF5E00AF2B14 /* Products */;
			projectDirPath = "";
			projectRoot = "";
			targets = (
				609497B01937BF5E00AF2B14 /* AppNetDemo */,
				609497D91937BF5F00AF2B14 /* AppNetDemoTests */,
			);
		};
/* End PBXProject section */

/* Begin PBXResourcesBuildPhase section */
		609497AF1937BF5E00AF2B14 /* Resources */ = {
			isa = PBXResourcesBuildPhase;
			buildActionMask = 2147483647;
			files = (
				609497D51937BF5F00AF2B14 /* Images.xcassets in Resources */,
				609497C11937BF5F00AF2B14 /* InfoPlist.strings in Resources */,
				609497CA1937BF5F00AF2B14 /* iPhone.storyboard in Resources */,
			);
			runOnlyForDeploymentPostprocessing = 0;
		};
		609497D81937BF5F00AF2B14 /* Resources */ = {
			isa = PBXResourcesBuildPhase;
			buildActionMask = 2147483647;
			files = (
				609497E71937BF5F00AF2B14 /* InfoPlist.strings in Resources */,
			);
			runOnlyForDeploymentPostprocessing = 0;
		};
/* End PBXResourcesBuildPhase section */

/* Begin PBXSourcesBuildPhase section */
		609497AD1937BF5E00AF2B14 /* Sources */ = {
			isa = PBXSourcesBuildPhase;
			buildActionMask = 2147483647;
			files = (
				609497FD1937E14C00AF2B14 /* PostsCDTVC.m in Sources */,
				609498101938110000AF2B14 /* AppNetPostsCDTVC.m in Sources */,
				6094980A1937F26000AF2B14 /* PostDataFetcher.m in Sources */,
				609497C31937BF5F00AF2B14 /* main.m in Sources */,
				609498061937EC8F00AF2B14 /* Post+Creator.m in Sources */,
				60AC0B24193DA9C9009369D0 /* Post.m in Sources */,
				609497F71937CA9100AF2B14 /* PostTableViewCell.m in Sources */,
				609497FA1937CC3700AF2B14 /* CoreDataTableViewController.m in Sources */,
				609497C71937BF5F00AF2B14 /* QIPAppDelegate.m in Sources */,
				6040E059193EAD0A00705CF4 /* NSDate+ISO8601.m in Sources */,
				609497CD1937BF5F00AF2B14 /* NetAppDemo.xcdatamodeld in Sources */,
			);
			runOnlyForDeploymentPostprocessing = 0;
		};
		609497D61937BF5F00AF2B14 /* Sources */ = {
			isa = PBXSourcesBuildPhase;
			buildActionMask = 2147483647;
			files = (
				609497E91937BF5F00AF2B14 /* AppNetDemoTests.m in Sources */,
			);
			runOnlyForDeploymentPostprocessing = 0;
		};
/* End PBXSourcesBuildPhase section */

/* Begin PBXTargetDependency section */
		609497E11937BF5F00AF2B14 /* PBXTargetDependency */ = {
			isa = PBXTargetDependency;
			target = 609497B01937BF5E00AF2B14 /* AppNetDemo */;
			targetProxy = 609497E01937BF5F00AF2B14 /* PBXContainerItemProxy */;
		};
/* End PBXTargetDependency section */

/* Begin PBXVariantGroup section */
		609497BF1937BF5F00AF2B14 /* InfoPlist.strings */ = {
			isa = PBXVariantGroup;
			children = (
				609497C01937BF5F00AF2B14 /* en */,
			);
			name = InfoPlist.strings;
			sourceTree = "<group>";
		};
		609497C81937BF5F00AF2B14 /* iPhone.storyboard */ = {
			isa = PBXVariantGroup;
			children = (
				609497C91937BF5F00AF2B14 /* Base */,
			);
			name = iPhone.storyboard;
			path = AppNetDemo;
			sourceTree = "<group>";
		};
		609497E51937BF5F00AF2B14 /* InfoPlist.strings */ = {
			isa = PBXVariantGroup;
			children = (
				609497E61937BF5F00AF2B14 /* en */,
			);
			name = InfoPlist.strings;
			sourceTree = "<group>";
		};
/* End PBXVariantGroup section */

/* Begin XCBuildConfiguration section */
		609497EA1937BF5F00AF2B14 /* Debug */ = {
			isa = XCBuildConfiguration;
			buildSettings = {
				ALWAYS_SEARCH_USER_PATHS = NO;
				CLANG_CXX_LANGUAGE_STANDARD = "gnu++0x";
				CLANG_CXX_LIBRARY = "libc++";
				CLANG_ENABLE_MODULES = YES;
				CLANG_ENABLE_OBJC_ARC = YES;
				CLANG_WARN_BOOL_CONVERSION = YES;
				CLANG_WARN_CONSTANT_CONVERSION = YES;
				CLANG_WARN_DIRECT_OBJC_ISA_USAGE = YES_ERROR;
				CLANG_WARN_EMPTY_BODY = YES;
				CLANG_WARN_ENUM_CONVERSION = YES;
				CLANG_WARN_INT_CONVERSION = YES;
				CLANG_WARN_OBJC_ROOT_CLASS = YES_ERROR;
				CLANG_WARN__DUPLICATE_METHOD_MATCH = YES;
				"CODE_SIGN_IDENTITY[sdk=iphoneos*]" = "iPhone Developer";
				COPY_PHASE_STRIP = NO;
				GCC_C_LANGUAGE_STANDARD = gnu99;
				GCC_DYNAMIC_NO_PIC = NO;
				GCC_OPTIMIZATION_LEVEL = 0;
				GCC_PREPROCESSOR_DEFINITIONS = (
					"DEBUG=1",
					"$(inherited)",
				);
				GCC_SYMBOLS_PRIVATE_EXTERN = NO;
				GCC_WARN_64_TO_32_BIT_CONVERSION = YES;
				GCC_WARN_ABOUT_RETURN_TYPE = YES_ERROR;
				GCC_WARN_UNDECLARED_SELECTOR = YES;
				GCC_WARN_UNINITIALIZED_AUTOS = YES_AGGRESSIVE;
				GCC_WARN_UNUSED_FUNCTION = YES;
				GCC_WARN_UNUSED_VARIABLE = YES;
				IPHONEOS_DEPLOYMENT_TARGET = 7.1;
				ONLY_ACTIVE_ARCH = YES;
				"OTHER_LDFLAGS[arch=*]" = "-ObjC";
				SDKROOT = iphoneos;
			};
			name = Debug;
		};
		609497EB1937BF5F00AF2B14 /* Release */ = {
			isa = XCBuildConfiguration;
			buildSettings = {
				ALWAYS_SEARCH_USER_PATHS = NO;
				CLANG_CXX_LANGUAGE_STANDARD = "gnu++0x";
				CLANG_CXX_LIBRARY = "libc++";
				CLANG_ENABLE_MODULES = YES;
				CLANG_ENABLE_OBJC_ARC = YES;
				CLANG_WARN_BOOL_CONVERSION = YES;
				CLANG_WARN_CONSTANT_CONVERSION = YES;
				CLANG_WARN_DIRECT_OBJC_ISA_USAGE = YES_ERROR;
				CLANG_WARN_EMPTY_BODY = YES;
				CLANG_WARN_ENUM_CONVERSION = YES;
				CLANG_WARN_INT_CONVERSION = YES;
				CLANG_WARN_OBJC_ROOT_CLASS = YES_ERROR;
				CLANG_WARN__DUPLICATE_METHOD_MATCH = YES;
				"CODE_SIGN_IDENTITY[sdk=iphoneos*]" = "iPhone Developer";
				COPY_PHASE_STRIP = YES;
				ENABLE_NS_ASSERTIONS = NO;
				GCC_C_LANGUAGE_STANDARD = gnu99;
				GCC_WARN_64_TO_32_BIT_CONVERSION = YES;
				GCC_WARN_ABOUT_RETURN_TYPE = YES_ERROR;
				GCC_WARN_UNDECLARED_SELECTOR = YES;
				GCC_WARN_UNINITIALIZED_AUTOS = YES_AGGRESSIVE;
				GCC_WARN_UNUSED_FUNCTION = YES;
				GCC_WARN_UNUSED_VARIABLE = YES;
				IPHONEOS_DEPLOYMENT_TARGET = 7.1;
				ONLY_ACTIVE_ARCH = NO;
				"OTHER_LDFLAGS[arch=*]" = ObjC;
				SDKROOT = iphoneos;
				VALIDATE_PRODUCT = YES;
			};
			name = Release;
		};
		609497ED1937BF5F00AF2B14 /* Debug */ = {
			isa = XCBuildConfiguration;
			buildSettings = {
				ALWAYS_SEARCH_USER_PATHS = NO;
				ASSETCATALOG_COMPILER_APPICON_NAME = AppIcon;
				ASSETCATALOG_COMPILER_LAUNCHIMAGE_NAME = LaunchImage;
				FRAMEWORK_SEARCH_PATHS = (
					"$(inherited)",
					"$(PROJECT_DIR)",
					/Users/Dymsum/Desktop/Development/Libraries,
				);
				GCC_PRECOMPILE_PREFIX_HEADER = YES;
				GCC_PREFIX_HEADER = "AppNetDemo/AppNetDemo-Prefix.pch";
				INFOPLIST_FILE = "AppNetDemo/AppNetDemo-Info.plist";
				ONLY_ACTIVE_ARCH = YES;
				"OTHER_LDFLAGS[arch=*]" = "-ObjC";
				PRODUCT_NAME = AppNetDemo;
				WRAPPER_EXTENSION = app;
			};
			name = Debug;
		};
		609497EE1937BF5F00AF2B14 /* Release */ = {
			isa = XCBuildConfiguration;
			buildSettings = {
				ALWAYS_SEARCH_USER_PATHS = NO;
				ASSETCATALOG_COMPILER_APPICON_NAME = AppIcon;
				ASSETCATALOG_COMPILER_LAUNCHIMAGE_NAME = LaunchImage;
				FRAMEWORK_SEARCH_PATHS = (
					"$(inherited)",
					"$(PROJECT_DIR)",
					/Users/Dymsum/Desktop/Development/Libraries,
				);
				GCC_PRECOMPILE_PREFIX_HEADER = YES;
				GCC_PREFIX_HEADER = "AppNetDemo/AppNetDemo-Prefix.pch";
				INFOPLIST_FILE = "AppNetDemo/AppNetDemo-Info.plist";
				ONLY_ACTIVE_ARCH = YES;
				"OTHER_LDFLAGS[arch=*]" = "-ObjC";
				PRODUCT_NAME = AppNetDemo;
				WRAPPER_EXTENSION = app;
			};
			name = Release;
		};
		609497F01937BF5F00AF2B14 /* Debug */ = {
			isa = XCBuildConfiguration;
			buildSettings = {
				BUNDLE_LOADER = "$(BUILT_PRODUCTS_DIR)/AppNetDemo.app/AppNetDemo";
				FRAMEWORK_SEARCH_PATHS = (
					"$(SDKROOT)/Developer/Library/Frameworks",
					"$(inherited)",
					"$(DEVELOPER_FRAMEWORKS_DIR)",
				);
				GCC_PRECOMPILE_PREFIX_HEADER = YES;
				GCC_PREFIX_HEADER = "NetAppDemo/NetAppDemo-Prefix.pch";
				GCC_PREPROCESSOR_DEFINITIONS = (
					"DEBUG=1",
					"$(inherited)",
				);
				INFOPLIST_FILE = "NetAppDemoTests/AppNetDemoTests-Info.plist";
				PRODUCT_NAME = AppNetDemoTests;
				TEST_HOST = "$(BUNDLE_LOADER)";
				WRAPPER_EXTENSION = xctest;
			};
			name = Debug;
		};
		609497F11937BF5F00AF2B14 /* Release */ = {
			isa = XCBuildConfiguration;
			buildSettings = {
				BUNDLE_LOADER = "$(BUILT_PRODUCTS_DIR)/AppNetDemo.app/AppNetDemo";
				FRAMEWORK_SEARCH_PATHS = (
					"$(SDKROOT)/Developer/Library/Frameworks",
					"$(inherited)",
					"$(DEVELOPER_FRAMEWORKS_DIR)",
				);
				GCC_PRECOMPILE_PREFIX_HEADER = YES;
				GCC_PREFIX_HEADER = "NetAppDemo/NetAppDemo-Prefix.pch";
				INFOPLIST_FILE = "NetAppDemoTests/AppNetDemoTests-Info.plist";
				PRODUCT_NAME = AppNetDemoTests;
				TEST_HOST = "$(BUNDLE_LOADER)";
				WRAPPER_EXTENSION = xctest;
			};
			name = Release;
		};
/* End XCBuildConfiguration section */

/* Begin XCConfigurationList section */
		609497AC1937BF5E00AF2B14 /* Build configuration list for PBXProject "AppNetDemo" */ = {
			isa = XCConfigurationList;
			buildConfigurations = (
				609497EA1937BF5F00AF2B14 /* Debug */,
				609497EB1937BF5F00AF2B14 /* Release */,
			);
			defaultConfigurationIsVisible = 0;
			defaultConfigurationName = Release;
		};
		609497EC1937BF5F00AF2B14 /* Build configuration list for PBXNativeTarget "AppNetDemo" */ = {
			isa = XCConfigurationList;
			buildConfigurations = (
				609497ED1937BF5F00AF2B14 /* Debug */,
				609497EE1937BF5F00AF2B14 /* Release */,
			);
			defaultConfigurationIsVisible = 0;
			defaultConfigurationName = Release;
		};
		609497EF1937BF5F00AF2B14 /* Build configuration list for PBXNativeTarget "AppNetDemoTests" */ = {
			isa = XCConfigurationList;
			buildConfigurations = (
				609497F01937BF5F00AF2B14 /* Debug */,
				609497F11937BF5F00AF2B14 /* Release */,
			);
			defaultConfigurationIsVisible = 0;
			defaultConfigurationName = Release;
		};
/* End XCConfigurationList section */

/* Begin XCVersionGroup section */
		609497CB1937BF5F00AF2B14 /* NetAppDemo.xcdatamodeld */ = {
			isa = XCVersionGroup;
			children = (
				609497CC1937BF5F00AF2B14 /* NetAppDemo.xcdatamodel */,
			);
			currentVersion = 609497CC1937BF5F00AF2B14 /* NetAppDemo.xcdatamodel */;
			path = NetAppDemo.xcdatamodeld;
			sourceTree = "<group>";
			versionGroupType = wrapper.xcdatamodel;
		};
/* End XCVersionGroup section */
	};
	rootObject = 609497A91937BF5E00AF2B14 /* Project object */;
}
